
Microsoft Visual Studio Solution File, Format Version 12.00
# Visual Studio Version 17
VisualStudioVersion = 17.9.34616.47
MinimumVisualStudioVersion = 10.0.40219.1
Project("{FAE04EC0-301F-11D3-BF4B-00C04F79EFBC}") = "ForLoopExample", "ForLoopExample.csproj", "{4CC8C421-ACB4-4883-86CE-D86B0B4D6DB0}"
EndProject
Global
	GlobalSection(SolutionConfigurationPlatforms) = preSolution
		Debug|Any CPU = Debug|Any CPU
		Release|Any CPU = Release|Any CPU
	EndGlobalSection
	GlobalSection(ProjectConfigurationPlatforms) = postSolution
		{4CC8C421-ACB4-4883-86CE-D86B0B4D6DB0}.Debug|Any CPU.ActiveCfg = Debug|Any CPU
		{4CC8C421-ACB4-4883-86CE-D86B0B4D6DB0}.Debug|Any CPU.Build.0 = Debug|Any CPU
		{4CC8C421-ACB4-4883-86CE-D86B0B4D6DB0}.Release|Any CPU.ActiveCfg = Release|Any CPU
		{4CC8C421-ACB4-4883-86CE-D86B0B4D6DB0}.Release|Any CPU.Build.0 = Release|Any CPU
	EndGlobalSection
	GlobalSection(SolutionProperties) = preSolution
		HideSolutionNode = FALSE
	EndGlobalSection
	GlobalSection(ExtensibilityGlobals) = postSolution
		SolutionGuid = {079F7F90-C469-4683-AAA1-39A2858F9FE2}
	EndGlobalSection
EndGlobal
