
Microsoft Visual Studio Solution File, Format Version 12.00
# Visual Studio Version 17
VisualStudioVersion = 17.9.34616.47
MinimumVisualStudioVersion = 10.0.40219.1
Project("{FAE04EC0-301F-11D3-BF4B-00C04F79EFBC}") = "StringFundamentals", "StringFundamentals.csproj", "{979F7F44-8C40-4856-B8BC-FB2F902F6EB7}"
EndProject
Global
	GlobalSection(SolutionConfigurationPlatforms) = preSolution
		Debug|Any CPU = Debug|Any CPU
		Release|Any CPU = Release|Any CPU
	EndGlobalSection
	GlobalSection(ProjectConfigurationPlatforms) = postSolution
		{979F7F44-8C40-4856-B8BC-FB2F902F6EB7}.Debug|Any CPU.ActiveCfg = Debug|Any CPU
		{979F7F44-8C40-4856-B8BC-FB2F902F6EB7}.Debug|Any CPU.Build.0 = Debug|Any CPU
		{979F7F44-8C40-4856-B8BC-FB2F902F6EB7}.Release|Any CPU.ActiveCfg = Release|Any CPU
		{979F7F44-8C40-4856-B8BC-FB2F902F6EB7}.Release|Any CPU.Build.0 = Release|Any CPU
	EndGlobalSection
	GlobalSection(SolutionProperties) = preSolution
		HideSolutionNode = FALSE
	EndGlobalSection
	GlobalSection(ExtensibilityGlobals) = postSolution
		SolutionGuid = {C0070642-EE11-4954-B17F-B5CCA4D0ACD5}
	EndGlobalSection
EndGlobal
