
Microsoft Visual Studio Solution File, Format Version 12.00
# Visual Studio Version 17
VisualStudioVersion = 17.9.34616.47
MinimumVisualStudioVersion = 10.0.40219.1
Project("{FAE04EC0-301F-11D3-BF4B-00C04F79EFBC}") = "AccessModifiers", "AccessModifiers.csproj", "{C1D0C8A6-3C1A-4413-8272-4EE2480C1C6E}"
EndProject
Project("{FAE04EC0-301F-11D3-BF4B-00C04F79EFBC}") = "Amazon", "..\Amazon\Amazon.csproj", "{46607506-83F4-4032-B803-15F1AF868C3D}"
EndProject
Global
	GlobalSection(SolutionConfigurationPlatforms) = preSolution
		Debug|Any CPU = Debug|Any CPU
		Release|Any CPU = Release|Any CPU
	EndGlobalSection
	GlobalSection(ProjectConfigurationPlatforms) = postSolution
		{C1D0C8A6-3C1A-4413-8272-4EE2480C1C6E}.Debug|Any CPU.ActiveCfg = Debug|Any CPU
		{C1D0C8A6-3C1A-4413-8272-4EE2480C1C6E}.Debug|Any CPU.Build.0 = Debug|Any CPU
		{C1D0C8A6-3C1A-4413-8272-4EE2480C1C6E}.Release|Any CPU.ActiveCfg = Release|Any CPU
		{C1D0C8A6-3C1A-4413-8272-4EE2480C1C6E}.Release|Any CPU.Build.0 = Release|Any CPU
		{46607506-83F4-4032-B803-15F1AF868C3D}.Debug|Any CPU.ActiveCfg = Debug|Any CPU
		{46607506-83F4-4032-B803-15F1AF868C3D}.Debug|Any CPU.Build.0 = Debug|Any CPU
		{46607506-83F4-4032-B803-15F1AF868C3D}.Release|Any CPU.ActiveCfg = Release|Any CPU
		{46607506-83F4-4032-B803-15F1AF868C3D}.Release|Any CPU.Build.0 = Release|Any CPU
	EndGlobalSection
	GlobalSection(SolutionProperties) = preSolution
		HideSolutionNode = FALSE
	EndGlobalSection
	GlobalSection(ExtensibilityGlobals) = postSolution
		SolutionGuid = {DFCB9B49-1DCF-4F92-991C-D7EDBE716404}
	EndGlobalSection
EndGlobal
