
Microsoft Visual Studio Solution File, Format Version 12.00
# Visual Studio Version 17
VisualStudioVersion = 17.9.34616.47
MinimumVisualStudioVersion = 10.0.40219.1
Project("{FAE04EC0-301F-11D3-BF4B-00C04F79EFBC}") = "CsharpFundamentals", "CsharpFundamentals.csproj", "{A9177955-D4D4-40E5-96F4-6984DC2E3813}"
EndProject
Global
	GlobalSection(SolutionConfigurationPlatforms) = preSolution
		Debug|Any CPU = Debug|Any CPU
		Release|Any CPU = Release|Any CPU
	EndGlobalSection
	GlobalSection(ProjectConfigurationPlatforms) = postSolution
		{A9177955-D4D4-40E5-96F4-6984DC2E3813}.Debug|Any CPU.ActiveCfg = Debug|Any CPU
		{A9177955-D4D4-40E5-96F4-6984DC2E3813}.Debug|Any CPU.Build.0 = Debug|Any CPU
		{A9177955-D4D4-40E5-96F4-6984DC2E3813}.Release|Any CPU.ActiveCfg = Release|Any CPU
		{A9177955-D4D4-40E5-96F4-6984DC2E3813}.Release|Any CPU.Build.0 = Release|Any CPU
	EndGlobalSection
	GlobalSection(SolutionProperties) = preSolution
		HideSolutionNode = FALSE
	EndGlobalSection
	GlobalSection(ExtensibilityGlobals) = postSolution
		SolutionGuid = {83739E88-489A-4B99-861F-9A4B559F5194}
	EndGlobalSection
EndGlobal
