
Microsoft Visual Studio Solution File, Format Version 12.00
# Visual Studio Version 17
VisualStudioVersion = 17.9.34616.47
MinimumVisualStudioVersion = 10.0.40219.1
Project("{FAE04EC0-301F-11D3-BF4B-00C04F79EFBC}") = "Operators", "Operators.csproj", "{24296C52-55D6-4052-ADF8-CB0F5238BDCA}"
EndProject
Global
	GlobalSection(SolutionConfigurationPlatforms) = preSolution
		Debug|Any CPU = Debug|Any CPU
		Release|Any CPU = Release|Any CPU
	EndGlobalSection
	GlobalSection(ProjectConfigurationPlatforms) = postSolution
		{24296C52-55D6-4052-ADF8-CB0F5238BDCA}.Debug|Any CPU.ActiveCfg = Debug|Any CPU
		{24296C52-55D6-4052-ADF8-CB0F5238BDCA}.Debug|Any CPU.Build.0 = Debug|Any CPU
		{24296C52-55D6-4052-ADF8-CB0F5238BDCA}.Release|Any CPU.ActiveCfg = Release|Any CPU
		{24296C52-55D6-4052-ADF8-CB0F5238BDCA}.Release|Any CPU.Build.0 = Release|Any CPU
	EndGlobalSection
	GlobalSection(SolutionProperties) = preSolution
		HideSolutionNode = FALSE
	EndGlobalSection
	GlobalSection(ExtensibilityGlobals) = postSolution
		SolutionGuid = {515123EF-9A16-48F6-B6C1-B13C84CF853C}
	EndGlobalSection
EndGlobal
