
Microsoft Visual Studio Solution File, Format Version 12.00
# Visual Studio Version 17
VisualStudioVersion = 17.9.34616.47
MinimumVisualStudioVersion = 10.0.40219.1
Project("{FAE04EC0-301F-11D3-BF4B-00C04F79EFBC}") = "CalculateSum", "CalculateSum.csproj", "{DAE2F7DA-F303-4EB6-8A62-BD8B56CC20BD}"
EndProject
Global
	GlobalSection(SolutionConfigurationPlatforms) = preSolution
		Debug|Any CPU = Debug|Any CPU
		Release|Any CPU = Release|Any CPU
	EndGlobalSection
	GlobalSection(ProjectConfigurationPlatforms) = postSolution
		{DAE2F7DA-F303-4EB6-8A62-BD8B56CC20BD}.Debug|Any CPU.ActiveCfg = Debug|Any CPU
		{DAE2F7DA-F303-4EB6-8A62-BD8B56CC20BD}.Debug|Any CPU.Build.0 = Debug|Any CPU
		{DAE2F7DA-F303-4EB6-8A62-BD8B56CC20BD}.Release|Any CPU.ActiveCfg = Release|Any CPU
		{DAE2F7DA-F303-4EB6-8A62-BD8B56CC20BD}.Release|Any CPU.Build.0 = Release|Any CPU
	EndGlobalSection
	GlobalSection(SolutionProperties) = preSolution
		HideSolutionNode = FALSE
	EndGlobalSection
	GlobalSection(ExtensibilityGlobals) = postSolution
		SolutionGuid = {820C2844-7A98-461C-B2E0-C26DA4E9F399}
	EndGlobalSection
EndGlobal
