
Microsoft Visual Studio Solution File, Format Version 12.00
# Visual Studio Version 17
VisualStudioVersion = 17.9.34616.47
MinimumVisualStudioVersion = 10.0.40219.1
Project("{FAE04EC0-301F-11D3-BF4B-00C04F79EFBC}") = "ArraysTypeExample", "ArraysTypeExample.csproj", "{7FAC3F45-713E-483D-8401-7D34F8CCAA8D}"
EndProject
Global
	GlobalSection(SolutionConfigurationPlatforms) = preSolution
		Debug|Any CPU = Debug|Any CPU
		Release|Any CPU = Release|Any CPU
	EndGlobalSection
	GlobalSection(ProjectConfigurationPlatforms) = postSolution
		{7FAC3F45-713E-483D-8401-7D34F8CCAA8D}.Debug|Any CPU.ActiveCfg = Debug|Any CPU
		{7FAC3F45-713E-483D-8401-7D34F8CCAA8D}.Debug|Any CPU.Build.0 = Debug|Any CPU
		{7FAC3F45-713E-483D-8401-7D34F8CCAA8D}.Release|Any CPU.ActiveCfg = Release|Any CPU
		{7FAC3F45-713E-483D-8401-7D34F8CCAA8D}.Release|Any CPU.Build.0 = Release|Any CPU
	EndGlobalSection
	GlobalSection(SolutionProperties) = preSolution
		HideSolutionNode = FALSE
	EndGlobalSection
	GlobalSection(ExtensibilityGlobals) = postSolution
		SolutionGuid = {BF53CFCE-507C-4429-B0F4-34CB0037263E}
	EndGlobalSection
EndGlobal
